{
    "_meta": {
        "hash": {
            "sha256": "01ebefb595adc4f46727730344ff7ef429ec66d766fcc5bc6b9c485263b0eb41"
        },
        "pipfile-spec": 6,
        "requires": {
            "python_version": "3.7"
        },
        "sources": [
            {
                "name": "pypi",
                "url": "https://pypi.org/simple",
                "verify_ssl": true
            }
        ]
    },
    "default": {
        "marshmallow": {
            "hashes": [
                "sha256:958e6640bec9a04ca15701e3d99b12c4269d0f43be596f00eeca1f2baf530abc",
                "sha256:d072db26baf2b0de886ad58f12360610d7bdea439e975a0179d1da82340c4f72"
            ],
            "index": "pypi",
            "version": "==2.18.0"
        }
    },
    "develop": {}
}
